
Microsoft Visual Studio Solution File, Format Version 12.00
# Visual Studio 15
VisualStudioVersion = 15.0.28010.2050
MinimumVisualStudioVersion = 10.0.40219.1
Project("{8BC9CEB8-8B4A-11D0-8D11-00A0C91BC942}") = "Stack", "Stack\Stack.vcxproj", "{98EAEF94-0F07-48ED-8551-C8BBD2662698}"
EndProject
Global
	GlobalSection(SolutionConfigurationPlatforms) = preSolution
		Debug|x64 = Debug|x64
		Debug|x86 = Debug|x86
		Release|x64 = Release|x64
		Release|x86 = Release|x86
	EndGlobalSection
	GlobalSection(ProjectConfigurationPlatforms) = postSolution
		{98EAEF94-0F07-48ED-8551-C8BBD2662698}.Debug|x64.ActiveCfg = Debug|x64
		{98EAEF94-0F07-48ED-8551-C8BBD2662698}.Debug|x64.Build.0 = Debug|x64
		{98EAEF94-0F07-48ED-8551-C8BBD2662698}.Debug|x86.ActiveCfg = Debug|Win32
		{98EAEF94-0F07-48ED-8551-C8BBD2662698}.Debug|x86.Build.0 = Debug|Win32
		{98EAEF94-0F07-48ED-8551-C8BBD2662698}.Release|x64.ActiveCfg = Release|x64
		{98EAEF94-0F07-48ED-8551-C8BBD2662698}.Release|x64.Build.0 = Release|x64
		{98EAEF94-0F07-48ED-8551-C8BBD2662698}.Release|x86.ActiveCfg = Release|Win32
		{98EAEF94-0F07-48ED-8551-C8BBD2662698}.Release|x86.Build.0 = Release|Win32
	EndGlobalSection
	GlobalSection(SolutionProperties) = preSolution
		HideSolutionNode = FALSE
	EndGlobalSection
	GlobalSection(ExtensibilityGlobals) = postSolution
		SolutionGuid = {10751B92-1F3E-4B3B-9EAB-BA2C71E80BC5}
	EndGlobalSection
EndGlobal
